// !$*UTF8*$!
{
	archiveVersion = 1;
	classes = {
	};
	objectVersion = 55;
	objects = {

/* Begin PBXBuildFile section */
		7F720121270733AB000E1C31 /* TopTenRecipes.swift in Sources */ = {isa = PBXBuildFile; fileRef = 7F720120270733AB000E1C31 /* TopTenRecipes.swift */; };
		7FB61D9D27070CD70082F0B0 /* FitRecipesApp.swift in Sources */ = {isa = PBXBuildFile; fileRef = 7FB61D9C27070CD70082F0B0 /* FitRecipesApp.swift */; };
		7FB61D9F27070CD70082F0B0 /* ContentView.swift in Sources */ = {isa = PBXBuildFile; fileRef = 7FB61D9E27070CD70082F0B0 /* ContentView.swift */; };
		7FB61DA127070CD90082F0B0 /* Assets.xcassets in Resources */ = {isa = PBXBuildFile; fileRef = 7FB61DA027070CD90082F0B0 /* Assets.xcassets */; };
		7FB61DA427070CD90082F0B0 /* Preview Assets.xcassets in Resources */ = {isa = PBXBuildFile; fileRef = 7FB61DA327070CD90082F0B0 /* Preview Assets.xcassets */; };
		7FB61DB127070EB70082F0B0 /* SectionTitleView.swift in Sources */ = {isa = PBXBuildFile; fileRef = 7FB61DAC27070EB70082F0B0 /* SectionTitleView.swift */; };
		7FB61DB227070EB70082F0B0 /* HomeNavBarView.swift in Sources */ = {isa = PBXBuildFile; fileRef = 7FB61DAD27070EB70082F0B0 /* HomeNavBarView.swift */; };
		7FB61DB327070EB70082F0B0 /* SearchAndFilterView.swift in Sources */ = {isa = PBXBuildFile; fileRef = 7FB61DAE27070EB70082F0B0 /* SearchAndFilterView.swift */; };
		7FB61DB427070EB70082F0B0 /* FreshRecipesView.swift in Sources */ = {isa = PBXBuildFile; fileRef = 7FB61DAF27070EB70082F0B0 /* FreshRecipesView.swift */; };
		7FB61DB527070EB70082F0B0 /* RecommendedRecipeCardView.swift in Sources */ = {isa = PBXBuildFile; fileRef = 7FB61DB027070EB70082F0B0 /* RecommendedRecipeCardView.swift */; };
		7FB61DB727070FE10082F0B0 /* HomeView.swift in Sources */ = {isa = PBXBuildFile; fileRef = 7FB61DB627070FE10082F0B0 /* HomeView.swift */; };
/* End PBXBuildFile section */

/* Begin PBXFileReference section */
		7F720120270733AB000E1C31 /* TopTenRecipes.swift */ = {isa = PBXFileReference; lastKnownFileType = sourcecode.swift; path = TopTenRecipes.swift; sourceTree = "<group>"; };
		7FB61D9927070CD70082F0B0 /* FitRecipes.app */ = {isa = PBXFileReference; explicitFileType = wrapper.application; includeInIndex = 0; path = FitRecipes.app; sourceTree = BUILT_PRODUCTS_DIR; };
		7FB61D9C27070CD70082F0B0 /* FitRecipesApp.swift */ = {isa = PBXFileReference; lastKnownFileType = sourcecode.swift; path = FitRecipesApp.swift; sourceTree = "<group>"; };
		7FB61D9E27070CD70082F0B0 /* ContentView.swift */ = {isa = PBXFileReference; lastKnownFileType = sourcecode.swift; path = ContentView.swift; sourceTree = "<group>"; };
		7FB61DA027070CD90082F0B0 /* Assets.xcassets */ = {isa = PBXFileReference; lastKnownFileType = folder.assetcatalog; path = Assets.xcassets; sourceTree = "<group>"; };
		7FB61DA327070CD90082F0B0 /* Preview Assets.xcassets */ = {isa = PBXFileReference; lastKnownFileType = folder.assetcatalog; path = "Preview Assets.xcassets"; sourceTree = "<group>"; };
		7FB61DAC27070EB70082F0B0 /* SectionTitleView.swift */ = {isa = PBXFileReference; fileEncoding = 4; lastKnownFileType = sourcecode.swift; path = SectionTitleView.swift; sourceTree = "<group>"; };
		7FB61DAD27070EB70082F0B0 /* HomeNavBarView.swift */ = {isa = PBXFileReference; fileEncoding = 4; lastKnownFileType = sourcecode.swift; path = HomeNavBarView.swift; sourceTree = "<group>"; };
		7FB61DAE27070EB70082F0B0 /* SearchAndFilterView.swift */ = {isa = PBXFileReference; fileEncoding = 4; lastKnownFileType = sourcecode.swift; path = SearchAndFilterView.swift; sourceTree = "<group>"; };
		7FB61DAF27070EB70082F0B0 /* FreshRecipesView.swift */ = {isa = PBXFileReference; fileEncoding = 4; lastKnownFileType = sourcecode.swift; path = FreshRecipesView.swift; sourceTree = "<group>"; };
		7FB61DB027070EB70082F0B0 /* RecommendedRecipeCardView.swift */ = {isa = PBXFileReference; fileEncoding = 4; lastKnownFileType = sourcecode.swift; path = RecommendedRecipeCardView.swift; sourceTree = "<group>"; };
		7FB61DB627070FE10082F0B0 /* HomeView.swift */ = {isa = PBXFileReference; fileEncoding = 4; lastKnownFileType = sourcecode.swift; path = HomeView.swift; sourceTree = "<group>"; };
/* End PBXFileReference section */

/* Begin PBXFrameworksBuildPhase section */
		7FB61D9627070CD70082F0B0 /* Frameworks */ = {
			isa = PBXFrameworksBuildPhase;
			buildActionMask = 2147483647;
			files = (
			);
			runOnlyForDeploymentPostprocessing = 0;
		};
/* End PBXFrameworksBuildPhase section */

/* Begin PBXGroup section */
		7FB61D9027070CD70082F0B0 = {
			isa = PBXGroup;
			children = (
				7FB61D9B27070CD70082F0B0 /* FitRecipes */,
				7FB61D9A27070CD70082F0B0 /* Products */,
			);
			sourceTree = "<group>";
		};
		7FB61D9A27070CD70082F0B0 /* Products */ = {
			isa = PBXGroup;
			children = (
				7FB61D9927070CD70082F0B0 /* FitRecipes.app */,
			);
			name = Products;
			sourceTree = "<group>";
		};
		7FB61D9B27070CD70082F0B0 /* FitRecipes */ = {
			isa = PBXGroup;
			children = (
				7FB61DB8270712CC0082F0B0 /* View */,
				7FB61D9C27070CD70082F0B0 /* FitRecipesApp.swift */,
				7FB61D9E27070CD70082F0B0 /* ContentView.swift */,
				7FB61DA027070CD90082F0B0 /* Assets.xcassets */,
				7FB61DA227070CD90082F0B0 /* Preview Content */,
			);
			path = FitRecipes;
			sourceTree = "<group>";
		};
		7FB61DA227070CD90082F0B0 /* Preview Content */ = {
			isa = PBXGroup;
			children = (
				7FB61DA327070CD90082F0B0 /* Preview Assets.xcassets */,
			);
			path = "Preview Content";
			sourceTree = "<group>";
		};
		7FB61DB8270712CC0082F0B0 /* View */ = {
			isa = PBXGroup;
			children = (
				7FB61DAF27070EB70082F0B0 /* FreshRecipesView.swift */,
				7FB61DAD27070EB70082F0B0 /* HomeNavBarView.swift */,
				7FB61DB027070EB70082F0B0 /* RecommendedRecipeCardView.swift */,
				7FB61DAE27070EB70082F0B0 /* SearchAndFilterView.swift */,
				7FB61DAC27070EB70082F0B0 /* SectionTitleView.swift */,
				7FB61DB627070FE10082F0B0 /* HomeView.swift */,
				7F720120270733AB000E1C31 /* TopTenRecipes.swift */,
			);
			path = View;
			sourceTree = "<group>";
		};
/* End PBXGroup section */

/* Begin PBXNativeTarget section */
		7FB61D9827070CD70082F0B0 /* FitRecipes */ = {
			isa = PBXNativeTarget;
			buildConfigurationList = 7FB61DA727070CD90082F0B0 /* Build configuration list for PBXNativeTarget "FitRecipes" */;
			buildPhases = (
				7FB61D9527070CD70082F0B0 /* Sources */,
				7FB61D9627070CD70082F0B0 /* Frameworks */,
				7FB61D9727070CD70082F0B0 /* Resources */,
			);
			buildRules = (
			);
			dependencies = (
			);
			name = FitRecipes;
			productName = FitRecipes;
			productReference = 7FB61D9927070CD70082F0B0 /* FitRecipes.app */;
			productType = "com.apple.product-type.application";
		};
/* End PBXNativeTarget section */

/* Begin PBXProject section */
		7FB61D9127070CD70082F0B0 /* Project object */ = {
			isa = PBXProject;
			attributes = {
				BuildIndependentTargetsInParallel = 1;
				LastSwiftUpdateCheck = 1300;
				LastUpgradeCheck = 1300;
				TargetAttributes = {
					7FB61D9827070CD70082F0B0 = {
						CreatedOnToolsVersion = 13.0;
					};
				};
			};
			buildConfigurationList = 7FB61D9427070CD70082F0B0 /* Build configuration list for PBXProject "FitRecipes" */;
			compatibilityVersion = "Xcode 13.0";
			developmentRegion = en;
			hasScannedForEncodings = 0;
			knownRegions = (
				en,
				Base,
			);
			mainGroup = 7FB61D9027070CD70082F0B0;
			productRefGroup = 7FB61D9A27070CD70082F0B0 /* Products */;
			projectDirPath = "";
			projectRoot = "";
			targets = (
				7FB61D9827070CD70082F0B0 /* FitRecipes */,
			);
		};
/* End PBXProject section */

/* Begin PBXResourcesBuildPhase section */
		7FB61D9727070CD70082F0B0 /* Resources */ = {
			isa = PBXResourcesBuildPhase;
			buildActionMask = 2147483647;
			files = (
				7FB61DA427070CD90082F0B0 /* Preview Assets.xcassets in Resources */,
				7FB61DA127070CD90082F0B0 /* Assets.xcassets in Resources */,
			);
			runOnlyForDeploymentPostprocessing = 0;
		};
/* End PBXResourcesBuildPhase section */

/* Begin PBXSourcesBuildPhase section */
		7FB61D9527070CD70082F0B0 /* Sources */ = {
			isa = PBXSourcesBuildPhase;
			buildActionMask = 2147483647;
			files = (
				7FB61DB327070EB70082F0B0 /* SearchAndFilterView.swift in Sources */,
				7FB61DB527070EB70082F0B0 /* RecommendedRecipeCardView.swift in Sources */,
				7FB61D9F27070CD70082F0B0 /* ContentView.swift in Sources */,
				7FB61DB227070EB70082F0B0 /* HomeNavBarView.swift in Sources */,
				7FB61DB427070EB70082F0B0 /* FreshRecipesView.swift in Sources */,
				7FB61DB727070FE10082F0B0 /* HomeView.swift in Sources */,
				7F720121270733AB000E1C31 /* TopTenRecipes.swift in Sources */,
				7FB61D9D27070CD70082F0B0 /* FitRecipesApp.swift in Sources */,
				7FB61DB127070EB70082F0B0 /* SectionTitleView.swift in Sources */,
			);
			runOnlyForDeploymentPostprocessing = 0;
		};
/* End PBXSourcesBuildPhase section */

/* Begin XCBuildConfiguration section */
		7FB61DA527070CD90082F0B0 /* Debug */ = {
			isa = XCBuildConfiguration;
			buildSettings = {
				ALWAYS_SEARCH_USER_PATHS = NO;
				CLANG_ANALYZER_NONNULL = YES;
				CLANG_ANALYZER_NUMBER_OBJECT_CONVERSION = YES_AGGRESSIVE;
				CLANG_CXX_LANGUAGE_STANDARD = "gnu++17";
				CLANG_CXX_LIBRARY = "libc++";
				CLANG_ENABLE_MODULES = YES;
				CLANG_ENABLE_OBJC_ARC = YES;
				CLANG_ENABLE_OBJC_WEAK = YES;
				CLANG_WARN_BLOCK_CAPTURE_AUTORELEASING = YES;
				CLANG_WARN_BOOL_CONVERSION = YES;
				CLANG_WARN_COMMA = YES;
				CLANG_WARN_CONSTANT_CONVERSION = YES;
				CLANG_WARN_DEPRECATED_OBJC_IMPLEMENTATIONS = YES;
				CLANG_WARN_DIRECT_OBJC_ISA_USAGE = YES_ERROR;
				CLANG_WARN_DOCUMENTATION_COMMENTS = YES;
				CLANG_WARN_EMPTY_BODY = YES;
				CLANG_WARN_ENUM_CONVERSION = YES;
				CLANG_WARN_INFINITE_RECURSION = YES;
				CLANG_WARN_INT_CONVERSION = YES;
				CLANG_WARN_NON_LITERAL_NULL_CONVERSION = YES;
				CLANG_WARN_OBJC_IMPLICIT_RETAIN_SELF = YES;
				CLANG_WARN_OBJC_LITERAL_CONVERSION = YES;
				CLANG_WARN_OBJC_ROOT_CLASS = YES_ERROR;
				CLANG_WARN_QUOTED_INCLUDE_IN_FRAMEWORK_HEADER = YES;
				CLANG_WARN_RANGE_LOOP_ANALYSIS = YES;
				CLANG_WARN_STRICT_PROTOTYPES = YES;
				CLANG_WARN_SUSPICIOUS_MOVE = YES;
				CLANG_WARN_UNGUARDED_AVAILABILITY = YES_AGGRESSIVE;
				CLANG_WARN_UNREACHABLE_CODE = YES;
				CLANG_WARN__DUPLICATE_METHOD_MATCH = YES;
				COPY_PHASE_STRIP = NO;
				DEBUG_INFORMATION_FORMAT = dwarf;
				ENABLE_STRICT_OBJC_MSGSEND = YES;
				ENABLE_TESTABILITY = YES;
				GCC_C_LANGUAGE_STANDARD = gnu11;
				GCC_DYNAMIC_NO_PIC = NO;
				GCC_NO_COMMON_BLOCKS = YES;
				GCC_OPTIMIZATION_LEVEL = 0;
				GCC_PREPROCESSOR_DEFINITIONS = (
					"DEBUG=1",
					"$(inherited)",
				);
				GCC_WARN_64_TO_32_BIT_CONVERSION = YES;
				GCC_WARN_ABOUT_RETURN_TYPE = YES_ERROR;
				GCC_WARN_UNDECLARED_SELECTOR = YES;
				GCC_WARN_UNINITIALIZED_AUTOS = YES_AGGRESSIVE;
				GCC_WARN_UNUSED_FUNCTION = YES;
				GCC_WARN_UNUSED_VARIABLE = YES;
				IPHONEOS_DEPLOYMENT_TARGET = 15.0;
				MTL_ENABLE_DEBUG_INFO = INCLUDE_SOURCE;
				MTL_FAST_MATH = YES;
				ONLY_ACTIVE_ARCH = YES;
				SDKROOT = iphoneos;
				SWIFT_ACTIVE_COMPILATION_CONDITIONS = DEBUG;
				SWIFT_OPTIMIZATION_LEVEL = "-Onone";
			};
			name = Debug;
		};
		7FB61DA627070CD90082F0B0 /* Release */ = {
			isa = XCBuildConfiguration;
			buildSettings = {
				ALWAYS_SEARCH_USER_PATHS = NO;
				CLANG_ANALYZER_NONNULL = YES;
				CLANG_ANALYZER_NUMBER_OBJECT_CONVERSION = YES_AGGRESSIVE;
				CLANG_CXX_LANGUAGE_STANDARD = "gnu++17";
				CLANG_CXX_LIBRARY = "libc++";
				CLANG_ENABLE_MODULES = YES;
				CLANG_ENABLE_OBJC_ARC = YES;
				CLANG_ENABLE_OBJC_WEAK = YES;
				CLANG_WARN_BLOCK_CAPTURE_AUTORELEASING = YES;
				CLANG_WARN_BOOL_CONVERSION = YES;
				CLANG_WARN_COMMA = YES;
				CLANG_WARN_CONSTANT_CONVERSION = YES;
				CLANG_WARN_DEPRECATED_OBJC_IMPLEMENTATIONS = YES;
				CLANG_WARN_DIRECT_OBJC_ISA_USAGE = YES_ERROR;
				CLANG_WARN_DOCUMENTATION_COMMENTS = YES;
				CLANG_WARN_EMPTY_BODY = YES;
				CLANG_WARN_ENUM_CONVERSION = YES;
				CLANG_WARN_INFINITE_RECURSION = YES;
				CLANG_WARN_INT_CONVERSION = YES;
				CLANG_WARN_NON_LITERAL_NULL_CONVERSION = YES;
				CLANG_WARN_OBJC_IMPLICIT_RETAIN_SELF = YES;
				CLANG_WARN_OBJC_LITERAL_CONVERSION = YES;
				CLANG_WARN_OBJC_ROOT_CLASS = YES_ERROR;
				CLANG_WARN_QUOTED_INCLUDE_IN_FRAMEWORK_HEADER = YES;
				CLANG_WARN_RANGE_LOOP_ANALYSIS = YES;
				CLANG_WARN_STRICT_PROTOTYPES = YES;
				CLANG_WARN_SUSPICIOUS_MOVE = YES;
				CLANG_WARN_UNGUARDED_AVAILABILITY = YES_AGGRESSIVE;
				CLANG_WARN_UNREACHABLE_CODE = YES;
				CLANG_WARN__DUPLICATE_METHOD_MATCH = YES;
				COPY_PHASE_STRIP = NO;
				DEBUG_INFORMATION_FORMAT = "dwarf-with-dsym";
				ENABLE_NS_ASSERTIONS = NO;
				ENABLE_STRICT_OBJC_MSGSEND = YES;
				GCC_C_LANGUAGE_STANDARD = gnu11;
				GCC_NO_COMMON_BLOCKS = YES;
				GCC_WARN_64_TO_32_BIT_CONVERSION = YES;
				GCC_WARN_ABOUT_RETURN_TYPE = YES_ERROR;
				GCC_WARN_UNDECLARED_SELECTOR = YES;
				GCC_WARN_UNINITIALIZED_AUTOS = YES_AGGRESSIVE;
				GCC_WARN_UNUSED_FUNCTION = YES;
				GCC_WARN_UNUSED_VARIABLE = YES;
				IPHONEOS_DEPLOYMENT_TARGET = 15.0;
				MTL_ENABLE_DEBUG_INFO = NO;
				MTL_FAST_MATH = YES;
				SDKROOT = iphoneos;
				SWIFT_COMPILATION_MODE = wholemodule;
				SWIFT_OPTIMIZATION_LEVEL = "-O";
				VALIDATE_PRODUCT = YES;
			};
			name = Release;
		};
		7FB61DA827070CD90082F0B0 /* Debug */ = {
			isa = XCBuildConfiguration;
			buildSettings = {
				ASSETCATALOG_COMPILER_APPICON_NAME = AppIcon;
				ASSETCATALOG_COMPILER_GLOBAL_ACCENT_COLOR_NAME = AccentColor;
				CODE_SIGN_STYLE = Automatic;
				CURRENT_PROJECT_VERSION = 1;
				DEVELOPMENT_ASSET_PATHS = "\"FitRecipes/Preview Content\"";
				DEVELOPMENT_TEAM = 8CB2UA3Q66;
				ENABLE_PREVIEWS = YES;
				GENERATE_INFOPLIST_FILE = YES;
				INFOPLIST_KEY_UIApplicationSceneManifest_Generation = YES;
				INFOPLIST_KEY_UIApplicationSupportsIndirectInputEvents = YES;
				INFOPLIST_KEY_UILaunchScreen_Generation = YES;
				INFOPLIST_KEY_UISupportedInterfaceOrientations_iPad = "UIInterfaceOrientationPortrait UIInterfaceOrientationPortraitUpsideDown UIInterfaceOrientationLandscapeLeft UIInterfaceOrientationLandscapeRight";
				INFOPLIST_KEY_UISupportedInterfaceOrientations_iPhone = "UIInterfaceOrientationPortrait UIInterfaceOrientationLandscapeLeft UIInterfaceOrientationLandscapeRight";
				IPHONEOS_DEPLOYMENT_TARGET = 15.0;
				LD_RUNPATH_SEARCH_PATHS = (
					"$(inherited)",
					"@executable_path/Frameworks",
				);
				MARKETING_VERSION = 1.0;
				PRODUCT_BUNDLE_IDENTIFIER = AmG.FitRecipes;
				PRODUCT_NAME = "$(TARGET_NAME)";
				SWIFT_EMIT_LOC_STRINGS = YES;
				SWIFT_VERSION = 5.0;
				TARGETED_DEVICE_FAMILY = "1,2";
			};
			name = Debug;
		};
		7FB61DA927070CD90082F0B0 /* Release */ = {
			isa = XCBuildConfiguration;
			buildSettings = {
				ASSETCATALOG_COMPILER_APPICON_NAME = AppIcon;
				ASSETCATALOG_COMPILER_GLOBAL_ACCENT_COLOR_NAME = AccentColor;
				CODE_SIGN_STYLE = Automatic;
				CURRENT_PROJECT_VERSION = 1;
				DEVELOPMENT_ASSET_PATHS = "\"FitRecipes/Preview Content\"";
				DEVELOPMENT_TEAM = 8CB2UA3Q66;
				ENABLE_PREVIEWS = YES;
				GENERATE_INFOPLIST_FILE = YES;
				INFOPLIST_KEY_UIApplicationSceneManifest_Generation = YES;
				INFOPLIST_KEY_UIApplicationSupportsIndirectInputEvents = YES;
				INFOPLIST_KEY_UILaunchScreen_Generation = YES;
				INFOPLIST_KEY_UISupportedInterfaceOrientations_iPad = "UIInterfaceOrientationPortrait UIInterfaceOrientationPortraitUpsideDown UIInterfaceOrientationLandscapeLeft UIInterfaceOrientationLandscapeRight";
				INFOPLIST_KEY_UISupportedInterfaceOrientations_iPhone = "UIInterfaceOrientationPortrait UIInterfaceOrientationLandscapeLeft UIInterfaceOrientationLandscapeRight";
				IPHONEOS_DEPLOYMENT_TARGET = 15.0;
				LD_RUNPATH_SEARCH_PATHS = (
					"$(inherited)",
					"@executable_path/Frameworks",
				);
				MARKETING_VERSION = 1.0;
				PRODUCT_BUNDLE_IDENTIFIER = AmG.FitRecipes;
				PRODUCT_NAME = "$(TARGET_NAME)";
				SWIFT_EMIT_LOC_STRINGS = YES;
				SWIFT_VERSION = 5.0;
				TARGETED_DEVICE_FAMILY = "1,2";
			};
			name = Release;
		};
/* End XCBuildConfiguration section */

/* Begin XCConfigurationList section */
		7FB61D9427070CD70082F0B0 /* Build configuration list for PBXProject "FitRecipes" */ = {
			isa = XCConfigurationList;
			buildConfigurations = (
				7FB61DA527070CD90082F0B0 /* Debug */,
				7FB61DA627070CD90082F0B0 /* Release */,
			);
			defaultConfigurationIsVisible = 0;
			defaultConfigurationName = Release;
		};
		7FB61DA727070CD90082F0B0 /* Build configuration list for PBXNativeTarget "FitRecipes" */ = {
			isa = XCConfigurationList;
			buildConfigurations = (
				7FB61DA827070CD90082F0B0 /* Debug */,
				7FB61DA927070CD90082F0B0 /* Release */,
			);
			defaultConfigurationIsVisible = 0;
			defaultConfigurationName = Release;
		};
/* End XCConfigurationList section */
	};
	rootObject = 7FB61D9127070CD70082F0B0 /* Project object */;
}
